// !$*UTF8*$!
{
	archiveVersion = 1;
	classes = {
	};
	objectVersion = 46;
	objects = {

/* Begin PBXBuildFile section */
		B9940E79BB34274AE6FEB89B /* libPods-RACExercise.a in Frameworks */ = {isa = PBXBuildFile; fileRef = CDFAE4426315301016464303 /* libPods-RACExercise.a */; };
		C31144BC1E0D399100322B0A /* GradientView.m in Sources */ = {isa = PBXBuildFile; fileRef = C31144BB1E0D399100322B0A /* GradientView.m */; };
		C31344B31E1CFC4200BC0D80 /* GuessModel.m in Sources */ = {isa = PBXBuildFile; fileRef = C31344B21E1CFC4200BC0D80 /* GuessModel.m */; };
		C31344B61E1D023700BC0D80 /* MMVMCellViewModel.m in Sources */ = {isa = PBXBuildFile; fileRef = C31344B51E1D023700BC0D80 /* MMVMCellViewModel.m */; };
		C34CC4241E1B409300795371 /* ZGMUILabel.m in Sources */ = {isa = PBXBuildFile; fileRef = C34CC4231E1B409300795371 /* ZGMUILabel.m */; };
		C34CC4271E1B4E9900795371 /* ZGMUIButton.m in Sources */ = {isa = PBXBuildFile; fileRef = C34CC4261E1B4E9900795371 /* ZGMUIButton.m */; };
		C34CC43B1E1B825900795371 /* YPCNetworking.m in Sources */ = {isa = PBXBuildFile; fileRef = C34CC43A1E1B825900795371 /* YPCNetworking.m */; };
		C34CC4591E1BDE2B00795371 /* ZGMViewController.m in Sources */ = {isa = PBXBuildFile; fileRef = C34CC4451E1BDE2B00795371 /* ZGMViewController.m */; };
		C34CC45A1E1BDE2B00795371 /* ZGMBaseCollectionViewCell.m in Sources */ = {isa = PBXBuildFile; fileRef = C34CC4481E1BDE2B00795371 /* ZGMBaseCollectionViewCell.m */; };
		C34CC45B1E1BDE2B00795371 /* ZGMBaseTableViewCell.m in Sources */ = {isa = PBXBuildFile; fileRef = C34CC44A1E1BDE2B00795371 /* ZGMBaseTableViewCell.m */; };
		C34CC45C1E1BDE2B00795371 /* ZGMTableViewHeaderFooterView.m in Sources */ = {isa = PBXBuildFile; fileRef = C34CC44C1E1BDE2B00795371 /* ZGMTableViewHeaderFooterView.m */; };
		C34CC45D1E1BDE2B00795371 /* ZGMView.m in Sources */ = {isa = PBXBuildFile; fileRef = C34CC44E1E1BDE2B00795371 /* ZGMView.m */; };
		C34CC45E1E1BDE2B00795371 /* ZGMViewModel.m in Sources */ = {isa = PBXBuildFile; fileRef = C34CC4511E1BDE2B00795371 /* ZGMViewModel.m */; };
		C34CC46D1E1BDE7E00795371 /* MVVMViewModel.m in Sources */ = {isa = PBXBuildFile; fileRef = C34CC4631E1BDE7E00795371 /* MVVMViewModel.m */; };
		C34CC46E1E1BDE7E00795371 /* MVVMCell.m in Sources */ = {isa = PBXBuildFile; fileRef = C34CC4661E1BDE7E00795371 /* MVVMCell.m */; };
		C34CC46F1E1BDE7E00795371 /* MvvMView.m in Sources */ = {isa = PBXBuildFile; fileRef = C34CC4681E1BDE7E00795371 /* MvvMView.m */; };
		C34CC4701E1BDE7E00795371 /* MvvMViewController.m in Sources */ = {isa = PBXBuildFile; fileRef = C34CC46B1E1BDE7E00795371 /* MvvMViewController.m */; };
		C3DD8EE71DE7E2B400D82484 /* LaunchScreen.storyboard in Resources */ = {isa = PBXBuildFile; fileRef = C3DD8EDA1DE7E2B400D82484 /* LaunchScreen.storyboard */; };
		C3DD8EE81DE7E2B400D82484 /* Main.storyboard in Resources */ = {isa = PBXBuildFile; fileRef = C3DD8EDC1DE7E2B400D82484 /* Main.storyboard */; };
		C3DD8EE91DE7E2B400D82484 /* Info.plist in Resources */ = {isa = PBXBuildFile; fileRef = C3DD8EDE1DE7E2B400D82484 /* Info.plist */; };
		C3DD8EEB1DE7E2B400D82484 /* AppDelegate.m in Sources */ = {isa = PBXBuildFile; fileRef = C3DD8EE21DE7E2B400D82484 /* AppDelegate.m */; };
		C3DD8EF01DE7E2F900D82484 /* ViewController.m in Sources */ = {isa = PBXBuildFile; fileRef = C3DD8EEF1DE7E2F900D82484 /* ViewController.m */; };
		C3DD8EF71DE7E92700D82484 /* main.m in Sources */ = {isa = PBXBuildFile; fileRef = C3DD8EF61DE7E92700D82484 /* main.m */; };
		C3DD8EFC1DE7EC8A00D82484 /* RACBaseExrciseVC.m in Sources */ = {isa = PBXBuildFile; fileRef = C3DD8EFA1DE7EC8A00D82484 /* RACBaseExrciseVC.m */; };
		C3DD8EFD1DE7EC8A00D82484 /* RACBaseExrciseVC.xib in Resources */ = {isa = PBXBuildFile; fileRef = C3DD8EFB1DE7EC8A00D82484 /* RACBaseExrciseVC.xib */; };
		C3DD8F001DE7FB3700D82484 /* Assets.xcassets in Resources */ = {isa = PBXBuildFile; fileRef = C3DD8EFF1DE7FB3700D82484 /* Assets.xcassets */; };
		C3DD8FAD1DE972F600D82484 /* DelegateVC.m in Sources */ = {isa = PBXBuildFile; fileRef = C3DD8FAB1DE972F600D82484 /* DelegateVC.m */; };
		C3DD8FAE1DE972F600D82484 /* DelegateVC.xib in Resources */ = {isa = PBXBuildFile; fileRef = C3DD8FAC1DE972F600D82484 /* DelegateVC.xib */; };
		C3DD8FB01DE9809F00D82484 /* Foundation.framework in Frameworks */ = {isa = PBXBuildFile; fileRef = C3DD8FAF1DE9809F00D82484 /* Foundation.framework */; };
/* End PBXBuildFile section */

/* Begin PBXFileReference section */
		22B692038379274F35DDF978 /* Pods-RACExercise.debug.xcconfig */ = {isa = PBXFileReference; includeInIndex = 1; lastKnownFileType = text.xcconfig; name = "Pods-RACExercise.debug.xcconfig"; path = "Pods/Target Support Files/Pods-RACExercise/Pods-RACExercise.debug.xcconfig"; sourceTree = "<group>"; };
		C31144BA1E0D399100322B0A /* GradientView.h */ = {isa = PBXFileReference; fileEncoding = 4; lastKnownFileType = sourcecode.c.h; path = GradientView.h; sourceTree = "<group>"; };
		C31144BB1E0D399100322B0A /* GradientView.m */ = {isa = PBXFileReference; fileEncoding = 4; lastKnownFileType = sourcecode.c.objc; path = GradientView.m; sourceTree = "<group>"; };
		C31344B11E1CFC4200BC0D80 /* GuessModel.h */ = {isa = PBXFileReference; fileEncoding = 4; lastKnownFileType = sourcecode.c.h; path = GuessModel.h; sourceTree = "<group>"; };
		C31344B21E1CFC4200BC0D80 /* GuessModel.m */ = {isa = PBXFileReference; fileEncoding = 4; lastKnownFileType = sourcecode.c.objc; path = GuessModel.m; sourceTree = "<group>"; };
		C31344B41E1D023700BC0D80 /* MMVMCellViewModel.h */ = {isa = PBXFileReference; fileEncoding = 4; lastKnownFileType = sourcecode.c.h; path = MMVMCellViewModel.h; sourceTree = "<group>"; };
		C31344B51E1D023700BC0D80 /* MMVMCellViewModel.m */ = {isa = PBXFileReference; fileEncoding = 4; lastKnownFileType = sourcecode.c.objc; path = MMVMCellViewModel.m; sourceTree = "<group>"; };
		C34CC4221E1B409300795371 /* ZGMUILabel.h */ = {isa = PBXFileReference; fileEncoding = 4; lastKnownFileType = sourcecode.c.h; path = ZGMUILabel.h; sourceTree = "<group>"; };
		C34CC4231E1B409300795371 /* ZGMUILabel.m */ = {isa = PBXFileReference; fileEncoding = 4; lastKnownFileType = sourcecode.c.objc; path = ZGMUILabel.m; sourceTree = "<group>"; };
		C34CC4251E1B4E9900795371 /* ZGMUIButton.h */ = {isa = PBXFileReference; fileEncoding = 4; lastKnownFileType = sourcecode.c.h; path = ZGMUIButton.h; sourceTree = "<group>"; };
		C34CC4261E1B4E9900795371 /* ZGMUIButton.m */ = {isa = PBXFileReference; fileEncoding = 4; lastKnownFileType = sourcecode.c.objc; path = ZGMUIButton.m; sourceTree = "<group>"; };
		C34CC4391E1B825900795371 /* YPCNetworking.h */ = {isa = PBXFileReference; fileEncoding = 4; lastKnownFileType = sourcecode.c.h; path = YPCNetworking.h; sourceTree = "<group>"; };
		C34CC43A1E1B825900795371 /* YPCNetworking.m */ = {isa = PBXFileReference; fileEncoding = 4; lastKnownFileType = sourcecode.c.objc; path = YPCNetworking.m; sourceTree = "<group>"; };
		C34CC4441E1BDE2B00795371 /* ZGMViewController.h */ = {isa = PBXFileReference; fileEncoding = 4; lastKnownFileType = sourcecode.c.h; path = ZGMViewController.h; sourceTree = "<group>"; };
		C34CC4451E1BDE2B00795371 /* ZGMViewController.m */ = {isa = PBXFileReference; fileEncoding = 4; lastKnownFileType = sourcecode.c.objc; path = ZGMViewController.m; sourceTree = "<group>"; };
		C34CC4471E1BDE2B00795371 /* ZGMBaseCollectionViewCell.h */ = {isa = PBXFileReference; fileEncoding = 4; lastKnownFileType = sourcecode.c.h; path = ZGMBaseCollectionViewCell.h; sourceTree = "<group>"; };
		C34CC4481E1BDE2B00795371 /* ZGMBaseCollectionViewCell.m */ = {isa = PBXFileReference; fileEncoding = 4; lastKnownFileType = sourcecode.c.objc; path = ZGMBaseCollectionViewCell.m; sourceTree = "<group>"; };
		C34CC4491E1BDE2B00795371 /* ZGMBaseTableViewCell.h */ = {isa = PBXFileReference; fileEncoding = 4; lastKnownFileType = sourcecode.c.h; path = ZGMBaseTableViewCell.h; sourceTree = "<group>"; };
		C34CC44A1E1BDE2B00795371 /* ZGMBaseTableViewCell.m */ = {isa = PBXFileReference; fileEncoding = 4; lastKnownFileType = sourcecode.c.objc; path = ZGMBaseTableViewCell.m; sourceTree = "<group>"; };
		C34CC44B1E1BDE2B00795371 /* ZGMTableViewHeaderFooterView.h */ = {isa = PBXFileReference; fileEncoding = 4; lastKnownFileType = sourcecode.c.h; path = ZGMTableViewHeaderFooterView.h; sourceTree = "<group>"; };
		C34CC44C1E1BDE2B00795371 /* ZGMTableViewHeaderFooterView.m */ = {isa = PBXFileReference; fileEncoding = 4; lastKnownFileType = sourcecode.c.objc; path = ZGMTableViewHeaderFooterView.m; sourceTree = "<group>"; };
		C34CC44D1E1BDE2B00795371 /* ZGMView.h */ = {isa = PBXFileReference; fileEncoding = 4; lastKnownFileType = sourcecode.c.h; path = ZGMView.h; sourceTree = "<group>"; };
		C34CC44E1E1BDE2B00795371 /* ZGMView.m */ = {isa = PBXFileReference; fileEncoding = 4; lastKnownFileType = sourcecode.c.objc; path = ZGMView.m; sourceTree = "<group>"; };
		C34CC4501E1BDE2B00795371 /* ZGMViewModel.h */ = {isa = PBXFileReference; fileEncoding = 4; lastKnownFileType = sourcecode.c.h; path = ZGMViewModel.h; sourceTree = "<group>"; };
		C34CC4511E1BDE2B00795371 /* ZGMViewModel.m */ = {isa = PBXFileReference; fileEncoding = 4; lastKnownFileType = sourcecode.c.objc; path = ZGMViewModel.m; sourceTree = "<group>"; };
		C34CC4531E1BDE2B00795371 /* ZGMBaseCollectionViewCellProtocol.h */ = {isa = PBXFileReference; fileEncoding = 4; lastKnownFileType = sourcecode.c.h; path = ZGMBaseCollectionViewCellProtocol.h; sourceTree = "<group>"; };
		C34CC4541E1BDE2B00795371 /* ZGMBaseTableViewCellProtocol.h */ = {isa = PBXFileReference; fileEncoding = 4; lastKnownFileType = sourcecode.c.h; path = ZGMBaseTableViewCellProtocol.h; sourceTree = "<group>"; };
		C34CC4551E1BDE2B00795371 /* ZGMTableViewHeaderFooterViewProtocol.h */ = {isa = PBXFileReference; fileEncoding = 4; lastKnownFileType = sourcecode.c.h; path = ZGMTableViewHeaderFooterViewProtocol.h; sourceTree = "<group>"; };
		C34CC4561E1BDE2B00795371 /* ZGMViewControllerProtocol.h */ = {isa = PBXFileReference; fileEncoding = 4; lastKnownFileType = sourcecode.c.h; path = ZGMViewControllerProtocol.h; sourceTree = "<group>"; };
		C34CC4571E1BDE2B00795371 /* ZGMViewModelProtocol.h */ = {isa = PBXFileReference; fileEncoding = 4; lastKnownFileType = sourcecode.c.h; path = ZGMViewModelProtocol.h; sourceTree = "<group>"; };
		C34CC4581E1BDE2B00795371 /* ZGMViewProtocol.h */ = {isa = PBXFileReference; fileEncoding = 4; lastKnownFileType = sourcecode.c.h; path = ZGMViewProtocol.h; sourceTree = "<group>"; };
		C34CC4621E1BDE7E00795371 /* MVVMViewModel.h */ = {isa = PBXFileReference; fileEncoding = 4; lastKnownFileType = sourcecode.c.h; path = MVVMViewModel.h; sourceTree = "<group>"; };
		C34CC4631E1BDE7E00795371 /* MVVMViewModel.m */ = {isa = PBXFileReference; fileEncoding = 4; lastKnownFileType = sourcecode.c.objc; path = MVVMViewModel.m; sourceTree = "<group>"; };
		C34CC4651E1BDE7E00795371 /* MVVMCell.h */ = {isa = PBXFileReference; fileEncoding = 4; lastKnownFileType = sourcecode.c.h; path = MVVMCell.h; sourceTree = "<group>"; };
		C34CC4661E1BDE7E00795371 /* MVVMCell.m */ = {isa = PBXFileReference; fileEncoding = 4; lastKnownFileType = sourcecode.c.objc; path = MVVMCell.m; sourceTree = "<group>"; };
		C34CC4671E1BDE7E00795371 /* MvvMView.h */ = {isa = PBXFileReference; fileEncoding = 4; lastKnownFileType = sourcecode.c.h; path = MvvMView.h; sourceTree = "<group>"; };
		C34CC4681E1BDE7E00795371 /* MvvMView.m */ = {isa = PBXFileReference; fileEncoding = 4; lastKnownFileType = sourcecode.c.objc; path = MvvMView.m; sourceTree = "<group>"; };
		C34CC46A1E1BDE7E00795371 /* MvvMViewController.h */ = {isa = PBXFileReference; fileEncoding = 4; lastKnownFileType = sourcecode.c.h; path = MvvMViewController.h; sourceTree = "<group>"; };
		C34CC46B1E1BDE7E00795371 /* MvvMViewController.m */ = {isa = PBXFileReference; fileEncoding = 4; lastKnownFileType = sourcecode.c.objc; path = MvvMViewController.m; sourceTree = "<group>"; };
		C3DD8EBB1DE7DD0A00D82484 /* RACExercise.app */ = {isa = PBXFileReference; explicitFileType = wrapper.application; includeInIndex = 0; path = RACExercise.app; sourceTree = BUILT_PRODUCTS_DIR; };
		C3DD8EDB1DE7E2B400D82484 /* Base */ = {isa = PBXFileReference; lastKnownFileType = file.storyboard; name = Base; path = Base.lproj/LaunchScreen.storyboard; sourceTree = "<group>"; };
		C3DD8EDD1DE7E2B400D82484 /* Base */ = {isa = PBXFileReference; lastKnownFileType = file.storyboard; name = Base; path = Base.lproj/Main.storyboard; sourceTree = "<group>"; };
		C3DD8EDE1DE7E2B400D82484 /* Info.plist */ = {isa = PBXFileReference; fileEncoding = 4; lastKnownFileType = text.plist.xml; path = Info.plist; sourceTree = "<group>"; };
		C3DD8EE11DE7E2B400D82484 /* AppDelegate.h */ = {isa = PBXFileReference; fileEncoding = 4; lastKnownFileType = sourcecode.c.h; path = AppDelegate.h; sourceTree = "<group>"; };
		C3DD8EE21DE7E2B400D82484 /* AppDelegate.m */ = {isa = PBXFileReference; fileEncoding = 4; lastKnownFileType = sourcecode.c.objc; path = AppDelegate.m; sourceTree = "<group>"; };
		C3DD8EEE1DE7E2F900D82484 /* ViewController.h */ = {isa = PBXFileReference; fileEncoding = 4; lastKnownFileType = sourcecode.c.h; path = ViewController.h; sourceTree = "<group>"; };
		C3DD8EEF1DE7E2F900D82484 /* ViewController.m */ = {isa = PBXFileReference; fileEncoding = 4; lastKnownFileType = sourcecode.c.objc; path = ViewController.m; sourceTree = "<group>"; };
		C3DD8EF61DE7E92700D82484 /* main.m */ = {isa = PBXFileReference; fileEncoding = 4; lastKnownFileType = sourcecode.c.objc; name = main.m; path = Delegate/main.m; sourceTree = "<group>"; };
		C3DD8EF81DE7EA0600D82484 /* Exercise.h */ = {isa = PBXFileReference; lastKnownFileType = sourcecode.c.h; path = Exercise.h; sourceTree = "<group>"; };
		C3DD8EF91DE7EC8A00D82484 /* RACBaseExrciseVC.h */ = {isa = PBXFileReference; fileEncoding = 4; lastKnownFileType = sourcecode.c.h; path = RACBaseExrciseVC.h; sourceTree = "<group>"; };
		C3DD8EFA1DE7EC8A00D82484 /* RACBaseExrciseVC.m */ = {isa = PBXFileReference; fileEncoding = 4; lastKnownFileType = sourcecode.c.objc; path = RACBaseExrciseVC.m; sourceTree = "<group>"; };
		C3DD8EFB1DE7EC8A00D82484 /* RACBaseExrciseVC.xib */ = {isa = PBXFileReference; fileEncoding = 4; lastKnownFileType = file.xib; path = RACBaseExrciseVC.xib; sourceTree = "<group>"; };
		C3DD8EFF1DE7FB3700D82484 /* Assets.xcassets */ = {isa = PBXFileReference; lastKnownFileType = folder.assetcatalog; path = Assets.xcassets; sourceTree = "<group>"; };
		C3DD8FAA1DE972F600D82484 /* DelegateVC.h */ = {isa = PBXFileReference; fileEncoding = 4; lastKnownFileType = sourcecode.c.h; path = DelegateVC.h; sourceTree = "<group>"; };
		C3DD8FAB1DE972F600D82484 /* DelegateVC.m */ = {isa = PBXFileReference; fileEncoding = 4; lastKnownFileType = sourcecode.c.objc; path = DelegateVC.m; sourceTree = "<group>"; };
		C3DD8FAC1DE972F600D82484 /* DelegateVC.xib */ = {isa = PBXFileReference; fileEncoding = 4; lastKnownFileType = file.xib; path = DelegateVC.xib; sourceTree = "<group>"; };
		C3DD8FAF1DE9809F00D82484 /* Foundation.framework */ = {isa = PBXFileReference; lastKnownFileType = wrapper.framework; name = Foundation.framework; path = System/Library/Frameworks/Foundation.framework; sourceTree = SDKROOT; };
		CDFAE4426315301016464303 /* libPods-RACExercise.a */ = {isa = PBXFileReference; explicitFileType = archive.ar; includeInIndex = 0; path = "libPods-RACExercise.a"; sourceTree = BUILT_PRODUCTS_DIR; };
		D989E87A6E5EC2743380ECA3 /* Pods-RACExercise.release.xcconfig */ = {isa = PBXFileReference; includeInIndex = 1; lastKnownFileType = text.xcconfig; name = "Pods-RACExercise.release.xcconfig"; path = "Pods/Target Support Files/Pods-RACExercise/Pods-RACExercise.release.xcconfig"; sourceTree = "<group>"; };
/* End PBXFileReference section */

/* Begin PBXFrameworksBuildPhase section */
		C3DD8EB81DE7DD0A00D82484 /* Frameworks */ = {
			isa = PBXFrameworksBuildPhase;
			buildActionMask = 2147483647;
			files = (
				C3DD8FB01DE9809F00D82484 /* Foundation.framework in Frameworks */,
				B9940E79BB34274AE6FEB89B /* libPods-RACExercise.a in Frameworks */,
			);
			runOnlyForDeploymentPostprocessing = 0;
		};
/* End PBXFrameworksBuildPhase section */

/* Begin PBXGroup section */
		244B4CF3D5C2A437B576067F /* Pods */ = {
			isa = PBXGroup;
			children = (
				22B692038379274F35DDF978 /* Pods-RACExercise.debug.xcconfig */,
				D989E87A6E5EC2743380ECA3 /* Pods-RACExercise.release.xcconfig */,
			);
			name = Pods;
			sourceTree = "<group>";
		};
		C31144B91E0D398100322B0A /* GradientView */ = {
			isa = PBXGroup;
			children = (
				C31144BA1E0D399100322B0A /* GradientView.h */,
				C31144BB1E0D399100322B0A /* GradientView.m */,
			);
			path = GradientView;
			sourceTree = "<group>";
		};
		C31344B01E1CFC1A00BC0D80 /* Model */ = {
			isa = PBXGroup;
			children = (
				C31344B11E1CFC4200BC0D80 /* GuessModel.h */,
				C31344B21E1CFC4200BC0D80 /* GuessModel.m */,
			);
			path = Model;
			sourceTree = "<group>";
		};
		C33390C11E1A5E9E0056430E /* ZGMKit */ = {
			isa = PBXGroup;
			children = (
				C33390C21E1A5E9E0056430E /* MVVMbase */,
				C33390C31E1A5E9E0056430E /* Uikit */,
			);
			path = ZGMKit;
			sourceTree = "<group>";
		};
		C33390C21E1A5E9E0056430E /* MVVMbase */ = {
			isa = PBXGroup;
			children = (
				C34CC4431E1BDE2B00795371 /* VC */,
				C34CC4461E1BDE2B00795371 /* View */,
				C34CC44F1E1BDE2B00795371 /* ViewModel */,
				C34CC4521E1BDE2B00795371 /* Protocol */,
			);
			path = MVVMbase;
			sourceTree = "<group>";
		};
		C33390C31E1A5E9E0056430E /* Uikit */ = {
			isa = PBXGroup;
			children = (
				C34CC4221E1B409300795371 /* ZGMUILabel.h */,
				C34CC4231E1B409300795371 /* ZGMUILabel.m */,
				C34CC4251E1B4E9900795371 /* ZGMUIButton.h */,
				C34CC4261E1B4E9900795371 /* ZGMUIButton.m */,
			);
			path = Uikit;
			sourceTree = "<group>";
		};
		C34CC4281E1B767000795371 /* MVVM */ = {
			isa = PBXGroup;
			children = (
				C31344B01E1CFC1A00BC0D80 /* Model */,
				C34CC45F1E1BDE7E00795371 /* ViewModel */,
				C34CC4641E1BDE7E00795371 /* View */,
				C34CC4691E1BDE7E00795371 /* VC */,
			);
			path = MVVM;
			sourceTree = "<group>";
		};
		C34CC4381E1B825900795371 /* Net */ = {
			isa = PBXGroup;
			children = (
				C34CC4391E1B825900795371 /* YPCNetworking.h */,
				C34CC43A1E1B825900795371 /* YPCNetworking.m */,
			);
			path = Net;
			sourceTree = "<group>";
		};
		C34CC4431E1BDE2B00795371 /* VC */ = {
			isa = PBXGroup;
			children = (
				C34CC4441E1BDE2B00795371 /* ZGMViewController.h */,
				C34CC4451E1BDE2B00795371 /* ZGMViewController.m */,
			);
			path = VC;
			sourceTree = "<group>";
		};
		C34CC4461E1BDE2B00795371 /* View */ = {
			isa = PBXGroup;
			children = (
				C34CC4471E1BDE2B00795371 /* ZGMBaseCollectionViewCell.h */,
				C34CC4481E1BDE2B00795371 /* ZGMBaseCollectionViewCell.m */,
				C34CC4491E1BDE2B00795371 /* ZGMBaseTableViewCell.h */,
				C34CC44A1E1BDE2B00795371 /* ZGMBaseTableViewCell.m */,
				C34CC44B1E1BDE2B00795371 /* ZGMTableViewHeaderFooterView.h */,
				C34CC44C1E1BDE2B00795371 /* ZGMTableViewHeaderFooterView.m */,
				C34CC44D1E1BDE2B00795371 /* ZGMView.h */,
				C34CC44E1E1BDE2B00795371 /* ZGMView.m */,
			);
			path = View;
			sourceTree = "<group>";
		};
		C34CC44F1E1BDE2B00795371 /* ViewModel */ = {
			isa = PBXGroup;
			children = (
				C34CC4501E1BDE2B00795371 /* ZGMViewModel.h */,
				C34CC4511E1BDE2B00795371 /* ZGMViewModel.m */,
			);
			path = ViewModel;
			sourceTree = "<group>";
		};
		C34CC4521E1BDE2B00795371 /* Protocol */ = {
			isa = PBXGroup;
			children = (
				C34CC4531E1BDE2B00795371 /* ZGMBaseCollectionViewCellProtocol.h */,
				C34CC4541E1BDE2B00795371 /* ZGMBaseTableViewCellProtocol.h */,
				C34CC4551E1BDE2B00795371 /* ZGMTableViewHeaderFooterViewProtocol.h */,
				C34CC4561E1BDE2B00795371 /* ZGMViewControllerProtocol.h */,
				C34CC4571E1BDE2B00795371 /* ZGMViewModelProtocol.h */,
				C34CC4581E1BDE2B00795371 /* ZGMViewProtocol.h */,
			);
			path = Protocol;
			sourceTree = "<group>";
		};
		C34CC45F1E1BDE7E00795371 /* ViewModel */ = {
			isa = PBXGroup;
			children = (
				C31344B41E1D023700BC0D80 /* MMVMCellViewModel.h */,
				C31344B51E1D023700BC0D80 /* MMVMCellViewModel.m */,
				C34CC4621E1BDE7E00795371 /* MVVMViewModel.h */,
				C34CC4631E1BDE7E00795371 /* MVVMViewModel.m */,
			);
			path = ViewModel;
			sourceTree = "<group>";
		};
		C34CC4641E1BDE7E00795371 /* View */ = {
			isa = PBXGroup;
			children = (
				C34CC4651E1BDE7E00795371 /* MVVMCell.h */,
				C34CC4661E1BDE7E00795371 /* MVVMCell.m */,
				C34CC4671E1BDE7E00795371 /* MvvMView.h */,
				C34CC4681E1BDE7E00795371 /* MvvMView.m */,
			);
			path = View;
			sourceTree = "<group>";
		};
		C34CC4691E1BDE7E00795371 /* VC */ = {
			isa = PBXGroup;
			children = (
				C34CC46A1E1BDE7E00795371 /* MvvMViewController.h */,
				C34CC46B1E1BDE7E00795371 /* MvvMViewController.m */,
			);
			path = VC;
			sourceTree = "<group>";
		};
		C3DD8EB21DE7DD0A00D82484 = {
			isa = PBXGroup;
			children = (
				C3DD8EBD1DE7DD0A00D82484 /* RACExercise */,
				C3DD8EBC1DE7DD0A00D82484 /* Products */,
				244B4CF3D5C2A437B576067F /* Pods */,
				FF71594A23C23AED8E68F76A /* Frameworks */,
			);
			sourceTree = "<group>";
		};
		C3DD8EBC1DE7DD0A00D82484 /* Products */ = {
			isa = PBXGroup;
			children = (
				C3DD8EBB1DE7DD0A00D82484 /* RACExercise.app */,
			);
			name = Products;
			sourceTree = "<group>";
		};
		C3DD8EBD1DE7DD0A00D82484 /* RACExercise */ = {
			isa = PBXGroup;
			children = (
				C3DD8EFE1DE7FB3700D82484 /* Resource */,
				C3DD8ED61DE7E2B400D82484 /* Class */,
				C3DD8ED91DE7E2B400D82484 /* Config */,
				C3DD8EE01DE7E2B400D82484 /* Delegate */,
				C3DD8EBE1DE7DD0A00D82484 /* Supporting Files */,
			);
			path = RACExercise;
			sourceTree = "<group>";
		};
		C3DD8EBE1DE7DD0A00D82484 /* Supporting Files */ = {
			isa = PBXGroup;
			children = (
				C3DD8EF61DE7E92700D82484 /* main.m */,
			);
			name = "Supporting Files";
			sourceTree = "<group>";
		};
		C3DD8ED61DE7E2B400D82484 /* Class */ = {
			isa = PBXGroup;
			children = (
				C34CC4381E1B825900795371 /* Net */,
				C34CC4281E1B767000795371 /* MVVM */,
				C33390C11E1A5E9E0056430E /* ZGMKit */,
				C31144B91E0D398100322B0A /* GradientView */,
				C3DD8EEC1DE7E2F900D82484 /* BaseExercise */,
				C3DD8EED1DE7E2F900D82484 /* Root */,
			);
			path = Class;
			sourceTree = "<group>";
		};
		C3DD8ED91DE7E2B400D82484 /* Config */ = {
			isa = PBXGroup;
			children = (
				C3DD8EDE1DE7E2B400D82484 /* Info.plist */,
				C3DD8EDA1DE7E2B400D82484 /* LaunchScreen.storyboard */,
				C3DD8EDC1DE7E2B400D82484 /* Main.storyboard */,
				C3DD8EF81DE7EA0600D82484 /* Exercise.h */,
			);
			path = Config;
			sourceTree = "<group>";
		};
		C3DD8EE01DE7E2B400D82484 /* Delegate */ = {
			isa = PBXGroup;
			children = (
				C3DD8EE11DE7E2B400D82484 /* AppDelegate.h */,
				C3DD8EE21DE7E2B400D82484 /* AppDelegate.m */,
			);
			path = Delegate;
			sourceTree = "<group>";
		};
		C3DD8EEC1DE7E2F900D82484 /* BaseExercise */ = {
			isa = PBXGroup;
			children = (
				C3DD8EF11DE7E31200D82484 /* VC */,
			);
			path = BaseExercise;
			sourceTree = "<group>";
		};
		C3DD8EED1DE7E2F900D82484 /* Root */ = {
			isa = PBXGroup;
			children = (
				C3DD8EEE1DE7E2F900D82484 /* ViewController.h */,
				C3DD8EEF1DE7E2F900D82484 /* ViewController.m */,
			);
			path = Root;
			sourceTree = "<group>";
		};
		C3DD8EF11DE7E31200D82484 /* VC */ = {
			isa = PBXGroup;
			children = (
				C3DD8EF91DE7EC8A00D82484 /* RACBaseExrciseVC.h */,
				C3DD8EFA1DE7EC8A00D82484 /* RACBaseExrciseVC.m */,
				C3DD8EFB1DE7EC8A00D82484 /* RACBaseExrciseVC.xib */,
				C3DD8FAA1DE972F600D82484 /* DelegateVC.h */,
				C3DD8FAB1DE972F600D82484 /* DelegateVC.m */,
				C3DD8FAC1DE972F600D82484 /* DelegateVC.xib */,
			);
			path = VC;
			sourceTree = "<group>";
		};
		C3DD8EFE1DE7FB3700D82484 /* Resource */ = {
			isa = PBXGroup;
			children = (
				C3DD8EFF1DE7FB3700D82484 /* Assets.xcassets */,
			);
			path = Resource;
			sourceTree = "<group>";
		};
		FF71594A23C23AED8E68F76A /* Frameworks */ = {
			isa = PBXGroup;
			children = (
				C3DD8FAF1DE9809F00D82484 /* Foundation.framework */,
				CDFAE4426315301016464303 /* libPods-RACExercise.a */,
			);
			name = Frameworks;
			sourceTree = "<group>";
		};
/* End PBXGroup section */

/* Begin PBXNativeTarget section */
		C3DD8EBA1DE7DD0A00D82484 /* RACExercise */ = {
			isa = PBXNativeTarget;
			buildConfigurationList = C3DD8ED21DE7DD0B00D82484 /* Build configuration list for PBXNativeTarget "RACExercise" */;
			buildPhases = (
				B69AAA59F2F2583F24CE2EA3 /* [CP] Check Pods Manifest.lock */,
				C3DD8EB71DE7DD0A00D82484 /* Sources */,
				C3DD8EB81DE7DD0A00D82484 /* Frameworks */,
				C3DD8EB91DE7DD0A00D82484 /* Resources */,
				596C64104D9CF0B2A0D31EC9 /* [CP] Embed Pods Frameworks */,
				79F1CF098DB98E53BA9A005F /* [CP] Copy Pods Resources */,
			);
			buildRules = (
			);
			dependencies = (
			);
			name = RACExercise;
			productName = RACExercise;
			productReference = C3DD8EBB1DE7DD0A00D82484 /* RACExercise.app */;
			productType = "com.apple.product-type.application";
		};
/* End PBXNativeTarget section */

/* Begin PBXProject section */
		C3DD8EB31DE7DD0A00D82484 /* Project object */ = {
			isa = PBXProject;
			attributes = {
				LastUpgradeCheck = 0810;
				ORGANIZATIONNAME = mgzzZ;
				TargetAttributes = {
					C3DD8EBA1DE7DD0A00D82484 = {
						CreatedOnToolsVersion = 8.1;
						DevelopmentTeam = 2F8XJLGA49;
						ProvisioningStyle = Automatic;
					};
				};
			};
			buildConfigurationList = C3DD8EB61DE7DD0A00D82484 /* Build configuration list for PBXProject "RACExercise" */;
			compatibilityVersion = "Xcode 3.2";
			developmentRegion = English;
			hasScannedForEncodings = 0;
			knownRegions = (
				en,
				Base,
			);
			mainGroup = C3DD8EB21DE7DD0A00D82484;
			productRefGroup = C3DD8EBC1DE7DD0A00D82484 /* Products */;
			projectDirPath = "";
			projectRoot = "";
			targets = (
				C3DD8EBA1DE7DD0A00D82484 /* RACExercise */,
			);
		};
/* End PBXProject section */

/* Begin PBXResourcesBuildPhase section */
		C3DD8EB91DE7DD0A00D82484 /* Resources */ = {
			isa = PBXResourcesBuildPhase;
			buildActionMask = 2147483647;
			files = (
				C3DD8EE91DE7E2B400D82484 /* Info.plist in Resources */,
				C3DD8EE81DE7E2B400D82484 /* Main.storyboard in Resources */,
				C3DD8EE71DE7E2B400D82484 /* LaunchScreen.storyboard in Resources */,
				C3DD8FAE1DE972F600D82484 /* DelegateVC.xib in Resources */,
				C3DD8EFD1DE7EC8A00D82484 /* RACBaseExrciseVC.xib in Resources */,
				C3DD8F001DE7FB3700D82484 /* Assets.xcassets in Resources */,
			);
			runOnlyForDeploymentPostprocessing = 0;
		};
/* End PBXResourcesBuildPhase section */

/* Begin PBXShellScriptBuildPhase section */
		596C64104D9CF0B2A0D31EC9 /* [CP] Embed Pods Frameworks */ = {
			isa = PBXShellScriptBuildPhase;
			buildActionMask = 2147483647;
			files = (
			);
			inputPaths = (
			);
			name = "[CP] Embed Pods Frameworks";
			outputPaths = (
			);
			runOnlyForDeploymentPostprocessing = 0;
			shellPath = /bin/sh;
			shellScript = "\"${SRCROOT}/Pods/Target Support Files/Pods-RACExercise/Pods-RACExercise-frameworks.sh\"\n";
			showEnvVarsInLog = 0;
		};
		79F1CF098DB98E53BA9A005F /* [CP] Copy Pods Resources */ = {
			isa = PBXShellScriptBuildPhase;
			buildActionMask = 2147483647;
			files = (
			);
			inputPaths = (
			);
			name = "[CP] Copy Pods Resources";
			outputPaths = (
			);
			runOnlyForDeploymentPostprocessing = 0;
			shellPath = /bin/sh;
			shellScript = "\"${SRCROOT}/Pods/Target Support Files/Pods-RACExercise/Pods-RACExercise-resources.sh\"\n";
			showEnvVarsInLog = 0;
		};
		B69AAA59F2F2583F24CE2EA3 /* [CP] Check Pods Manifest.lock */ = {
			isa = PBXShellScriptBuildPhase;
			buildActionMask = 2147483647;
			files = (
			);
			inputPaths = (
			);
			name = "[CP] Check Pods Manifest.lock";
			outputPaths = (
			);
			runOnlyForDeploymentPostprocessing = 0;
			shellPath = /bin/sh;
			shellScript = "diff \"${PODS_ROOT}/../Podfile.lock\" \"${PODS_ROOT}/Manifest.lock\" > /dev/null\nif [ $? != 0 ] ; then\n    # print error to STDERR\n    echo \"error: The sandbox is not in sync with the Podfile.lock. Run 'pod install' or update your CocoaPods installation.\" >&2\n    exit 1\nfi\n";
			showEnvVarsInLog = 0;
		};
/* End PBXShellScriptBuildPhase section */

/* Begin PBXSourcesBuildPhase section */
		C3DD8EB71DE7DD0A00D82484 /* Sources */ = {
			isa = PBXSourcesBuildPhase;
			buildActionMask = 2147483647;
			files = (
				C34CC4271E1B4E9900795371 /* ZGMUIButton.m in Sources */,
				C3DD8EEB1DE7E2B400D82484 /* AppDelegate.m in Sources */,
				C3DD8EF01DE7E2F900D82484 /* ViewController.m in Sources */,
				C34CC45B1E1BDE2B00795371 /* ZGMBaseTableViewCell.m in Sources */,
				C34CC4241E1B409300795371 /* ZGMUILabel.m in Sources */,
				C34CC43B1E1B825900795371 /* YPCNetworking.m in Sources */,
				C34CC46F1E1BDE7E00795371 /* MvvMView.m in Sources */,
				C34CC45A1E1BDE2B00795371 /* ZGMBaseCollectionViewCell.m in Sources */,
				C34CC4701E1BDE7E00795371 /* MvvMViewController.m in Sources */,
				C3DD8EFC1DE7EC8A00D82484 /* RACBaseExrciseVC.m in Sources */,
				C34CC45E1E1BDE2B00795371 /* ZGMViewModel.m in Sources */,
				C34CC45C1E1BDE2B00795371 /* ZGMTableViewHeaderFooterView.m in Sources */,
				C34CC46D1E1BDE7E00795371 /* MVVMViewModel.m in Sources */,
				C34CC45D1E1BDE2B00795371 /* ZGMView.m in Sources */,
				C31344B61E1D023700BC0D80 /* MMVMCellViewModel.m in Sources */,
				C3DD8FAD1DE972F600D82484 /* DelegateVC.m in Sources */,
				C31344B31E1CFC4200BC0D80 /* GuessModel.m in Sources */,
				C31144BC1E0D399100322B0A /* GradientView.m in Sources */,
				C34CC46E1E1BDE7E00795371 /* MVVMCell.m in Sources */,
				C3DD8EF71DE7E92700D82484 /* main.m in Sources */,
				C34CC4591E1BDE2B00795371 /* ZGMViewController.m in Sources */,
			);
			runOnlyForDeploymentPostprocessing = 0;
		};
/* End PBXSourcesBuildPhase section */

/* Begin PBXVariantGroup section */
		C3DD8EDA1DE7E2B400D82484 /* LaunchScreen.storyboard */ = {
			isa = PBXVariantGroup;
			children = (
				C3DD8EDB1DE7E2B400D82484 /* Base */,
			);
			name = LaunchScreen.storyboard;
			sourceTree = "<group>";
		};
		C3DD8EDC1DE7E2B400D82484 /* Main.storyboard */ = {
			isa = PBXVariantGroup;
			children = (
				C3DD8EDD1DE7E2B400D82484 /* Base */,
			);
			name = Main.storyboard;
			sourceTree = "<group>";
		};
/* End PBXVariantGroup section */

/* Begin XCBuildConfiguration section */
		C3DD8ED01DE7DD0B00D82484 /* Debug */ = {
			isa = XCBuildConfiguration;
			buildSettings = {
				ALWAYS_SEARCH_USER_PATHS = NO;
				CLANG_ANALYZER_NONNULL = YES;
				CLANG_CXX_LANGUAGE_STANDARD = "gnu++0x";
				CLANG_CXX_LIBRARY = "libc++";
				CLANG_ENABLE_MODULES = YES;
				CLANG_ENABLE_OBJC_ARC = YES;
				CLANG_WARN_BOOL_CONVERSION = YES;
				CLANG_WARN_CONSTANT_CONVERSION = YES;
				CLANG_WARN_DIRECT_OBJC_ISA_USAGE = YES_ERROR;
				CLANG_WARN_DOCUMENTATION_COMMENTS = YES;
				CLANG_WARN_EMPTY_BODY = YES;
				CLANG_WARN_ENUM_CONVERSION = YES;
				CLANG_WARN_INFINITE_RECURSION = YES;
				CLANG_WARN_INT_CONVERSION = YES;
				CLANG_WARN_OBJC_ROOT_CLASS = YES_ERROR;
				CLANG_WARN_SUSPICIOUS_MOVES = YES;
				CLANG_WARN_UNREACHABLE_CODE = YES;
				CLANG_WARN__DUPLICATE_METHOD_MATCH = YES;
				"CODE_SIGN_IDENTITY[sdk=iphoneos*]" = "iPhone Developer";
				COPY_PHASE_STRIP = NO;
				DEBUG_INFORMATION_FORMAT = dwarf;
				ENABLE_STRICT_OBJC_MSGSEND = YES;
				ENABLE_TESTABILITY = YES;
				GCC_C_LANGUAGE_STANDARD = gnu99;
				GCC_DYNAMIC_NO_PIC = NO;
				GCC_NO_COMMON_BLOCKS = YES;
				GCC_OPTIMIZATION_LEVEL = 0;
				GCC_PREPROCESSOR_DEFINITIONS = (
					"DEBUG=1",
					"$(inherited)",
				);
				GCC_WARN_64_TO_32_BIT_CONVERSION = YES;
				GCC_WARN_ABOUT_RETURN_TYPE = YES_ERROR;
				GCC_WARN_UNDECLARED_SELECTOR = YES;
				GCC_WARN_UNINITIALIZED_AUTOS = YES_AGGRESSIVE;
				GCC_WARN_UNUSED_FUNCTION = YES;
				GCC_WARN_UNUSED_VARIABLE = YES;
				IPHONEOS_DEPLOYMENT_TARGET = 10.1;
				MTL_ENABLE_DEBUG_INFO = YES;
				ONLY_ACTIVE_ARCH = YES;
				SDKROOT = iphoneos;
				TARGETED_DEVICE_FAMILY = "1,2";
			};
			name = Debug;
		};
		C3DD8ED11DE7DD0B00D82484 /* Release */ = {
			isa = XCBuildConfiguration;
			buildSettings = {
				ALWAYS_SEARCH_USER_PATHS = NO;
				CLANG_ANALYZER_NONNULL = YES;
				CLANG_CXX_LANGUAGE_STANDARD = "gnu++0x";
				CLANG_CXX_LIBRARY = "libc++";
				CLANG_ENABLE_MODULES = YES;
				CLANG_ENABLE_OBJC_ARC = YES;
				CLANG_WARN_BOOL_CONVERSION = YES;
				CLANG_WARN_CONSTANT_CONVERSION = YES;
				CLANG_WARN_DIRECT_OBJC_ISA_USAGE = YES_ERROR;
				CLANG_WARN_DOCUMENTATION_COMMENTS = YES;
				CLANG_WARN_EMPTY_BODY = YES;
				CLANG_WARN_ENUM_CONVERSION = YES;
				CLANG_WARN_INFINITE_RECURSION = YES;
				CLANG_WARN_INT_CONVERSION = YES;
				CLANG_WARN_OBJC_ROOT_CLASS = YES_ERROR;
				CLANG_WARN_SUSPICIOUS_MOVES = YES;
				CLANG_WARN_UNREACHABLE_CODE = YES;
				CLANG_WARN__DUPLICATE_METHOD_MATCH = YES;
				"CODE_SIGN_IDENTITY[sdk=iphoneos*]" = "iPhone Developer";
				COPY_PHASE_STRIP = NO;
				DEBUG_INFORMATION_FORMAT = "dwarf-with-dsym";
				ENABLE_NS_ASSERTIONS = NO;
				ENABLE_STRICT_OBJC_MSGSEND = YES;
				GCC_C_LANGUAGE_STANDARD = gnu99;
				GCC_NO_COMMON_BLOCKS = YES;
				GCC_WARN_64_TO_32_BIT_CONVERSION = YES;
				GCC_WARN_ABOUT_RETURN_TYPE = YES_ERROR;
				GCC_WARN_UNDECLARED_SELECTOR = YES;
				GCC_WARN_UNINITIALIZED_AUTOS = YES_AGGRESSIVE;
				GCC_WARN_UNUSED_FUNCTION = YES;
				GCC_WARN_UNUSED_VARIABLE = YES;
				IPHONEOS_DEPLOYMENT_TARGET = 10.1;
				MTL_ENABLE_DEBUG_INFO = NO;
				SDKROOT = iphoneos;
				TARGETED_DEVICE_FAMILY = "1,2";
				VALIDATE_PRODUCT = YES;
			};
			name = Release;
		};
		C3DD8ED31DE7DD0B00D82484 /* Debug */ = {
			isa = XCBuildConfiguration;
			baseConfigurationReference = 22B692038379274F35DDF978 /* Pods-RACExercise.debug.xcconfig */;
			buildSettings = {
				ASSETCATALOG_COMPILER_APPICON_NAME = AppIcon;
				DEVELOPMENT_TEAM = 2F8XJLGA49;
				GCC_INCREASE_PRECOMPILED_HEADER_SHARING = NO;
				GCC_PRECOMPILE_PREFIX_HEADER = YES;
				GCC_PREFIX_HEADER = "$(SRCROOT)/RACExercise/Config/Exercise.h";
				INFOPLIST_FILE = RACExercise/Config/Info.plist;
				LD_RUNPATH_SEARCH_PATHS = "$(inherited) @executable_path/Frameworks";
				PRODUCT_BUNDLE_IDENTIFIER = YPCIdentifier.RACExercise;
				PRODUCT_NAME = "$(TARGET_NAME)";
			};
			name = Debug;
		};
		C3DD8ED41DE7DD0B00D82484 /* Release */ = {
			isa = XCBuildConfiguration;
			baseConfigurationReference = D989E87A6E5EC2743380ECA3 /* Pods-RACExercise.release.xcconfig */;
			buildSettings = {
				ASSETCATALOG_COMPILER_APPICON_NAME = AppIcon;
				DEVELOPMENT_TEAM = 2F8XJLGA49;
				GCC_INCREASE_PRECOMPILED_HEADER_SHARING = NO;
				GCC_PRECOMPILE_PREFIX_HEADER = YES;
				GCC_PREFIX_HEADER = "$(SRCROOT)/RACExercise/Config/Exercise.h";
				INFOPLIST_FILE = RACExercise/Config/Info.plist;
				LD_RUNPATH_SEARCH_PATHS = "$(inherited) @executable_path/Frameworks";
				PRODUCT_BUNDLE_IDENTIFIER = YPCIdentifier.RACExercise;
				PRODUCT_NAME = "$(TARGET_NAME)";
			};
			name = Release;
		};
/* End XCBuildConfiguration section */

/* Begin XCConfigurationList section */
		C3DD8EB61DE7DD0A00D82484 /* Build configuration list for PBXProject "RACExercise" */ = {
			isa = XCConfigurationList;
			buildConfigurations = (
				C3DD8ED01DE7DD0B00D82484 /* Debug */,
				C3DD8ED11DE7DD0B00D82484 /* Release */,
			);
			defaultConfigurationIsVisible = 0;
			defaultConfigurationName = Release;
		};
		C3DD8ED21DE7DD0B00D82484 /* Build configuration list for PBXNativeTarget "RACExercise" */ = {
			isa = XCConfigurationList;
			buildConfigurations = (
				C3DD8ED31DE7DD0B00D82484 /* Debug */,
				C3DD8ED41DE7DD0B00D82484 /* Release */,
			);
			defaultConfigurationIsVisible = 0;
			defaultConfigurationName = Release;
		};
/* End XCConfigurationList section */
	};
	rootObject = C3DD8EB31DE7DD0A00D82484 /* Project object */;
}
